{
  "object": {
    "pins": [
      {
        "package": "RxFeedback",
        "repositoryURL": "https://github.com/NoTests/RxFeedback.swift.git",
        "state": {
          "branch": null,
          "revision": "aa8384081a14af8fb389245fce2eba5776a96d0b",
          "version": "4.0.0"
        }
      },
      {
        "package": "RxSwift",
        "repositoryURL": "https://github.com/ReactiveX/RxSwift",
        "state": {
          "branch": "main",
          "revision": "b48f2e9536cd985d912126709b97bd743e58c8fc",
          "version": null
        }
      }
    ]
  },
  "version": 1
}
